
Microsoft Visual Studio Solution File, Format Version 12.00
# Visual Studio Version 16
VisualStudioVersion = 16.0.30711.63
MinimumVisualStudioVersion = 10.0.40219.1
Project("{8BC9CEB8-8B4A-11D0-8D11-00A0C91BC942}") = "sklej", "sklej\sklej.vcxproj", "{4A52916F-1170-4B29-ACDB-50AEA968A355}"
EndProject
Global
	GlobalSection(SolutionConfigurationPlatforms) = preSolution
		Debug|x64 = Debug|x64
		Debug|x86 = Debug|x86
		Release|x64 = Release|x64
		Release|x86 = Release|x86
	EndGlobalSection
	GlobalSection(ProjectConfigurationPlatforms) = postSolution
		{4A52916F-1170-4B29-ACDB-50AEA968A355}.Debug|x64.ActiveCfg = Debug|x64
		{4A52916F-1170-4B29-ACDB-50AEA968A355}.Debug|x64.Build.0 = Debug|x64
		{4A52916F-1170-4B29-ACDB-50AEA968A355}.Debug|x86.ActiveCfg = Debug|Win32
		{4A52916F-1170-4B29-ACDB-50AEA968A355}.Debug|x86.Build.0 = Debug|Win32
		{4A52916F-1170-4B29-ACDB-50AEA968A355}.Release|x64.ActiveCfg = Release|x64
		{4A52916F-1170-4B29-ACDB-50AEA968A355}.Release|x64.Build.0 = Release|x64
		{4A52916F-1170-4B29-ACDB-50AEA968A355}.Release|x86.ActiveCfg = Release|Win32
		{4A52916F-1170-4B29-ACDB-50AEA968A355}.Release|x86.Build.0 = Release|Win32
	EndGlobalSection
	GlobalSection(SolutionProperties) = preSolution
		HideSolutionNode = FALSE
	EndGlobalSection
	GlobalSection(ExtensibilityGlobals) = postSolution
		SolutionGuid = {FE89CE3E-D91D-4544-AA39-86F01AC39A3B}
	EndGlobalSection
EndGlobal
